<?xml version="1.0" encoding="utf-8"?>
<Project ToolsVersion="4.0" xmlns="http://schemas.microsoft.com/developer/msbuild/2003">
  <ItemGroup>
    <Filter Include="Source Files">
      <UniqueIdentifier>{4FC737F1-C7A5-4376-A066-2A32D752A2FF}</UniqueIdentifier>
      <Extensions>cpp;c;cc;cxx;def;odl;idl;hpj;bat;asm;asmx</Extensions>
    </Filter>
    <Filter Include="Header Files">
      <UniqueIdentifier>{93995380-89BD-4b04-88EB-625FBE52EBFB}</UniqueIdentifier>
      <Extensions>h;hpp;hxx;hm;inl;inc;xsd</Extensions>
    </Filter>
    <Filter Include="Resource Files">
      <UniqueIdentifier>{67DA6AB6-F800-4c08-8B7A-83BB121AAD01}</UniqueIdentifier>
      <Extensions>rc;ico;cur;bmp;dlg;rc2;rct;bin;rgs;gif;jpg;jpeg;jpe;resx;tiff;tif;png;wav</Extensions>
    </Filter>
    <Filter Include="Fixes">
      <UniqueIdentifier>{82d211f4-af01-43a7-a1cf-8ad799e9f293}</UniqueIdentifier>
    </Filter>
    <Filter Include="Fixes\Source Files">
      <UniqueIdentifier>{4a732f37-3b21-4896-a3c1-eb8576a85033}</UniqueIdentifier>
    </Filter>
    <Filter Include="Fixes\Header Files">
      <UniqueIdentifier>{7d4bb472-e753-4818-a924-3d3033c76824}</UniqueIdentifier>
    </Filter>
  </ItemGroup>
  <ItemGroup>
    <ClCompile Include="launcher.cpp">
      <Filter>Source Files</Filter>
    </ClCompile>
    <ClCompile Include="launcherdialog.cpp">
      <Filter>Source Files</Filter>
    </ClCompile>
    <ClCompile Include="misc.cpp">
      <Filter>Source Files</Filter>
    </ClCompile>
    <ClCompile Include="rawinput.cpp">
      <Filter>Source Files</Filter>
    </ClCompile>
    <ClCompile Include="datadirdialog.cpp">
      <Filter>Source Files</Filter>
    </ClCompile>
    <ClCompile Include="fixapp.cpp">
      <Filter>Source Files</Filter>
    </ClCompile>
    <ClCompile Include="stdafx.cpp">
      <Filter>Source Files</Filter>
    </ClCompile>
    <ClCompile Include="exechook.cpp">
      <Filter>Source Files</Filter>
    </ClCompile>
    <ClCompile Include="FancyTreeView.cpp">
      <Filter>Source Files</Filter>
    </ClCompile>
    <ClCompile Include="FileManagerDeusExe.cpp">
      <Filter>Source Files</Filter>
    </ClCompile>
    <ClCompile Include="NativeHooks.cpp">
      <Filter>Source Files</Filter>
    </ClCompile>
    <ClCompile Include="FreeSpaceFix.cpp">
      <Filter>Fixes\Source Files</Filter>
    </ClCompile>
    <ClCompile Include="SubTitleFix.cpp">
      <Filter>Fixes\Source Files</Filter>
    </ClCompile>
    <ClCompile Include="GUIScalingFix.cpp">
      <Filter>Fixes\Source Files</Filter>
    </ClCompile>
  </ItemGroup>
  <ItemGroup>
    <ClInclude Include="launcherdialog.h">
      <Filter>Header Files</Filter>
    </ClInclude>
    <ClInclude Include="misc.h">
      <Filter>Header Files</Filter>
    </ClInclude>
    <ClInclude Include="rawinput.h">
      <Filter>Header Files</Filter>
    </ClInclude>
    <ClInclude Include="resource.h">
      <Filter>Header Files</Filter>
    </ClInclude>
    <ClInclude Include="datadirdialog.h">
      <Filter>Header Files</Filter>
    </ClInclude>
    <ClInclude Include="fixapp.h">
      <Filter>Header Files</Filter>
    </ClInclude>
    <ClInclude Include="stdafx.h">
      <Filter>Header Files</Filter>
    </ClInclude>
    <ClInclude Include="FancyTreeView.h">
      <Filter>Header Files</Filter>
    </ClInclude>
    <ClInclude Include="FileManagerDeusExe.h">
      <Filter>Header Files</Filter>
    </ClInclude>
    <ClInclude Include="NativeHooks.h">
      <Filter>Header Files</Filter>
    </ClInclude>
    <ClInclude Include="FreeSpaceFix.h">
      <Filter>Fixes\Header Files</Filter>
    </ClInclude>
    <ClInclude Include="SubTitleFix.h">
      <Filter>Fixes\Header Files</Filter>
    </ClInclude>
    <ClInclude Include="GUIScalingFix.h">
      <Filter>Fixes\Header Files</Filter>
    </ClInclude>
    <ClInclude Include="Launcher.h">
      <Filter>Header Files</Filter>
    </ClInclude>
    <ClInclude Include="ExecHook.h">
      <Filter>Header Files</Filter>
    </ClInclude>
  </ItemGroup>
  <ItemGroup>
    <None Include="deusex.bmp">
      <Filter>Resource Files</Filter>
    </None>
    <None Include="DeusEx.ico">
      <Filter>Resource Files</Filter>
    </None>
    <None Include="deusex.png">
      <Filter>Resource Files</Filter>
    </None>
  </ItemGroup>
  <ItemGroup>
    <ResourceCompile Include="res.rc">
      <Filter>Resource Files</Filter>
    </ResourceCompile>
  </ItemGroup>
  <ItemGroup>
    <Image Include="bitmap1.bmp">
      <Filter>Resource Files</Filter>
    </Image>
  </ItemGroup>
</Project>